
Microsoft Visual Studio Solution File, Format Version 11.00
# Visual Studio 2010
Project("{FAE04EC0-301F-11D3-BF4B-00C04F79EFBC}") = "PricingABasket", "PricingABasket\PricingABasket.csproj", "{259936CC-A906-4F8B-83B3-280D7240741C}"
EndProject
Global
	GlobalSection(SolutionConfigurationPlatforms) = preSolution
		Debug|x86 = Debug|x86
		Release|x86 = Release|x86
	EndGlobalSection
	GlobalSection(ProjectConfigurationPlatforms) = postSolution
		{259936CC-A906-4F8B-83B3-280D7240741C}.Debug|x86.ActiveCfg = Debug|x86
		{259936CC-A906-4F8B-83B3-280D7240741C}.Debug|x86.Build.0 = Debug|x86
		{259936CC-A906-4F8B-83B3-280D7240741C}.Release|x86.ActiveCfg = Release|x86
		{259936CC-A906-4F8B-83B3-280D7240741C}.Release|x86.Build.0 = Release|x86
	EndGlobalSection
	GlobalSection(SolutionProperties) = preSolution
		HideSolutionNode = FALSE
	EndGlobalSection
EndGlobal
